
Microsoft Visual Studio Solution File, Format Version 12.00
# Visual Studio Version 16
VisualStudioVersion = 16.0.30907.101
MinimumVisualStudioVersion = 10.0.40219.1
Project("{FAE04EC0-301F-11D3-BF4B-00C04F79EFBC}") = "ConsoleApp1", "ConsoleApp1\ConsoleApp1.csproj", "{8ED40481-5B19-47C7-A006-F1C04A574417}"
EndProject
Global
	GlobalSection(SolutionConfigurationPlatforms) = preSolution
		Debug|Any CPU = Debug|Any CPU
		Release|Any CPU = Release|Any CPU
	EndGlobalSection
	GlobalSection(ProjectConfigurationPlatforms) = postSolution
		{8ED40481-5B19-47C7-A006-F1C04A574417}.Debug|Any CPU.ActiveCfg = Debug|Any CPU
		{8ED40481-5B19-47C7-A006-F1C04A574417}.Debug|Any CPU.Build.0 = Debug|Any CPU
		{8ED40481-5B19-47C7-A006-F1C04A574417}.Release|Any CPU.ActiveCfg = Release|Any CPU
		{8ED40481-5B19-47C7-A006-F1C04A574417}.Release|Any CPU.Build.0 = Release|Any CPU
	EndGlobalSection
	GlobalSection(SolutionProperties) = preSolution
		HideSolutionNode = FALSE
	EndGlobalSection
	GlobalSection(ExtensibilityGlobals) = postSolution
		SolutionGuid = {51799730-1158-4B2B-A29F-47ABD55C16C4}
	EndGlobalSection
EndGlobal
